// !$*UTF8*$!
{
	archiveVersion = 1;
	classes = {
	};
	objectVersion = 50;
	objects = {

/* Begin PBXBuildFile section */
		FD41405521DC7310008543DB /* AppDelegate.swift in Sources */ = {isa = PBXBuildFile; fileRef = FD41405421DC7310008543DB /* AppDelegate.swift */; };
		FD41405721DC7310008543DB /* ViewController.swift in Sources */ = {isa = PBXBuildFile; fileRef = FD41405621DC7310008543DB /* ViewController.swift */; };
		FD41405A21DC7310008543DB /* Main.storyboard in Resources */ = {isa = PBXBuildFile; fileRef = FD41405821DC7310008543DB /* Main.storyboard */; };
		FD41405C21DC7312008543DB /* Assets.xcassets in Resources */ = {isa = PBXBuildFile; fileRef = FD41405B21DC7312008543DB /* Assets.xcassets */; };
		FD41405F21DC7312008543DB /* LaunchScreen.storyboard in Resources */ = {isa = PBXBuildFile; fileRef = FD41405D21DC7312008543DB /* LaunchScreen.storyboard */; };
		FD41407921DC7482008543DB /* ZippyIdSDK.framework in Frameworks */ = {isa = PBXBuildFile; fileRef = FD41407821DC7482008543DB /* ZippyIdSDK.framework */; };
/* End PBXBuildFile section */

/* Begin PBXCopyFilesBuildPhase section */
		FD41407D21DC758F008543DB /* Embed Frameworks */ = {
			isa = PBXCopyFilesBuildPhase;
			buildActionMask = 2147483647;
			dstPath = "";
			dstSubfolderSpec = 10;
			files = (
			);
			name = "Embed Frameworks";
			runOnlyForDeploymentPostprocessing = 0;
		};
/* End PBXCopyFilesBuildPhase section */

/* Begin PBXFileReference section */
		FD41405121DC7310008543DB /* ZippyIdSDKDemo.app */ = {isa = PBXFileReference; explicitFileType = wrapper.application; includeInIndex = 0; path = ZippyIdSDKDemo.app; sourceTree = BUILT_PRODUCTS_DIR; };
		FD41405421DC7310008543DB /* AppDelegate.swift */ = {isa = PBXFileReference; lastKnownFileType = sourcecode.swift; path = AppDelegate.swift; sourceTree = "<group>"; };
		FD41405621DC7310008543DB /* ViewController.swift */ = {isa = PBXFileReference; lastKnownFileType = sourcecode.swift; path = ViewController.swift; sourceTree = "<group>"; };
		FD41405921DC7310008543DB /* Base */ = {isa = PBXFileReference; lastKnownFileType = file.storyboard; name = Base; path = Base.lproj/Main.storyboard; sourceTree = "<group>"; };
		FD41405B21DC7312008543DB /* Assets.xcassets */ = {isa = PBXFileReference; lastKnownFileType = folder.assetcatalog; path = Assets.xcassets; sourceTree = "<group>"; };
		FD41405E21DC7312008543DB /* Base */ = {isa = PBXFileReference; lastKnownFileType = file.storyboard; name = Base; path = Base.lproj/LaunchScreen.storyboard; sourceTree = "<group>"; };
		FD41406021DC7312008543DB /* Info.plist */ = {isa = PBXFileReference; lastKnownFileType = text.plist.xml; path = Info.plist; sourceTree = "<group>"; };
		FD41407821DC7482008543DB /* ZippyIdSDK.framework */ = {isa = PBXFileReference; explicitFileType = wrapper.framework; path = ZippyIdSDK.framework; sourceTree = BUILT_PRODUCTS_DIR; };
/* End PBXFileReference section */

/* Begin PBXFrameworksBuildPhase section */
		FD41404E21DC7310008543DB /* Frameworks */ = {
			isa = PBXFrameworksBuildPhase;
			buildActionMask = 2147483647;
			files = (
				FD41407921DC7482008543DB /* ZippyIdSDK.framework in Frameworks */,
			);
			runOnlyForDeploymentPostprocessing = 0;
		};
/* End PBXFrameworksBuildPhase section */

/* Begin PBXGroup section */
		FD41404821DC7310008543DB = {
			isa = PBXGroup;
			children = (
				FD41405321DC7310008543DB /* ZippyIdSDKDemo */,
				FD41405221DC7310008543DB /* Products */,
				FD41407721DC7482008543DB /* Frameworks */,
			);
			sourceTree = "<group>";
		};
		FD41405221DC7310008543DB /* Products */ = {
			isa = PBXGroup;
			children = (
				FD41405121DC7310008543DB /* ZippyIdSDKDemo.app */,
			);
			name = Products;
			sourceTree = "<group>";
		};
		FD41405321DC7310008543DB /* ZippyIdSDKDemo */ = {
			isa = PBXGroup;
			children = (
				FD41405421DC7310008543DB /* AppDelegate.swift */,
				FD41405621DC7310008543DB /* ViewController.swift */,
				FD41405821DC7310008543DB /* Main.storyboard */,
				FD41405B21DC7312008543DB /* Assets.xcassets */,
				FD41405D21DC7312008543DB /* LaunchScreen.storyboard */,
				FD41406021DC7312008543DB /* Info.plist */,
			);
			path = ZippyIdSDKDemo;
			sourceTree = "<group>";
		};
		FD41407721DC7482008543DB /* Frameworks */ = {
			isa = PBXGroup;
			children = (
				FD41407821DC7482008543DB /* ZippyIdSDK.framework */,
			);
			name = Frameworks;
			sourceTree = "<group>";
		};
/* End PBXGroup section */

/* Begin PBXNativeTarget section */
		FD41405021DC7310008543DB /* ZippyIdSDKDemo */ = {
			isa = PBXNativeTarget;
			buildConfigurationList = FD41406321DC7312008543DB /* Build configuration list for PBXNativeTarget "ZippyIdSDKDemo" */;
			buildPhases = (
				FD41404D21DC7310008543DB /* Sources */,
				FD41404E21DC7310008543DB /* Frameworks */,
				FD41404F21DC7310008543DB /* Resources */,
				FD41407D21DC758F008543DB /* Embed Frameworks */,
			);
			buildRules = (
			);
			dependencies = (
			);
			name = ZippyIdSDKDemo;
			productName = ZippyIdSDKDemo;
			productReference = FD41405121DC7310008543DB /* ZippyIdSDKDemo.app */;
			productType = "com.apple.product-type.application";
		};
/* End PBXNativeTarget section */

/* Begin PBXProject section */
		FD41404921DC7310008543DB /* Project object */ = {
			isa = PBXProject;
			attributes = {
				LastSwiftUpdateCheck = 1010;
				LastUpgradeCheck = 1010;
				ORGANIZATIONNAME = ZippyId;
				TargetAttributes = {
					FD41405021DC7310008543DB = {
						CreatedOnToolsVersion = 10.1;
					};
				};
			};
			buildConfigurationList = FD41404C21DC7310008543DB /* Build configuration list for PBXProject "ZippyIdSDKDemo" */;
			compatibilityVersion = "Xcode 9.3";
			developmentRegion = en;
			hasScannedForEncodings = 0;
			knownRegions = (
				en,
				Base,
			);
			mainGroup = FD41404821DC7310008543DB;
			productRefGroup = FD41405221DC7310008543DB /* Products */;
			projectDirPath = "";
			projectRoot = "";
			targets = (
				FD41405021DC7310008543DB /* ZippyIdSDKDemo */,
			);
		};
/* End PBXProject section */

/* Begin PBXResourcesBuildPhase section */
		FD41404F21DC7310008543DB /* Resources */ = {
			isa = PBXResourcesBuildPhase;
			buildActionMask = 2147483647;
			files = (
				FD41405F21DC7312008543DB /* LaunchScreen.storyboard in Resources */,
				FD41405C21DC7312008543DB /* Assets.xcassets in Resources */,
				FD41405A21DC7310008543DB /* Main.storyboard in Resources */,
			);
			runOnlyForDeploymentPostprocessing = 0;
		};
/* End PBXResourcesBuildPhase section */

/* Begin PBXSourcesBuildPhase section */
		FD41404D21DC7310008543DB /* Sources */ = {
			isa = PBXSourcesBuildPhase;
			buildActionMask = 2147483647;
			files = (
				FD41405721DC7310008543DB /* ViewController.swift in Sources */,
				FD41405521DC7310008543DB /* AppDelegate.swift in Sources */,
			);
			runOnlyForDeploymentPostprocessing = 0;
		};
/* End PBXSourcesBuildPhase section */

/* Begin PBXVariantGroup section */
		FD41405821DC7310008543DB /* Main.storyboard */ = {
			isa = PBXVariantGroup;
			children = (
				FD41405921DC7310008543DB /* Base */,
			);
			name = Main.storyboard;
			sourceTree = "<group>";
		};
		FD41405D21DC7312008543DB /* LaunchScreen.storyboard */ = {
			isa = PBXVariantGroup;
			children = (
				FD41405E21DC7312008543DB /* Base */,
			);
			name = LaunchScreen.storyboard;
			sourceTree = "<group>";
		};
/* End PBXVariantGroup section */

/* Begin XCBuildConfiguration section */
		FD41406121DC7312008543DB /* Debug */ = {
			isa = XCBuildConfiguration;
			buildSettings = {
				ALWAYS_SEARCH_USER_PATHS = NO;
				CLANG_ANALYZER_NONNULL = YES;
				CLANG_ANALYZER_NUMBER_OBJECT_CONVERSION = YES_AGGRESSIVE;
				CLANG_CXX_LANGUAGE_STANDARD = "gnu++14";
				CLANG_CXX_LIBRARY = "libc++";
				CLANG_ENABLE_MODULES = YES;
				CLANG_ENABLE_OBJC_ARC = YES;
				CLANG_ENABLE_OBJC_WEAK = YES;
				CLANG_WARN_BLOCK_CAPTURE_AUTORELEASING = YES;
				CLANG_WARN_BOOL_CONVERSION = YES;
				CLANG_WARN_COMMA = YES;
				CLANG_WARN_CONSTANT_CONVERSION = YES;
				CLANG_WARN_DEPRECATED_OBJC_IMPLEMENTATIONS = YES;
				CLANG_WARN_DIRECT_OBJC_ISA_USAGE = YES_ERROR;
				CLANG_WARN_DOCUMENTATION_COMMENTS = YES;
				CLANG_WARN_EMPTY_BODY = YES;
				CLANG_WARN_ENUM_CONVERSION = YES;
				CLANG_WARN_INFINITE_RECURSION = YES;
				CLANG_WARN_INT_CONVERSION = YES;
				CLANG_WARN_NON_LITERAL_NULL_CONVERSION = YES;
				CLANG_WARN_OBJC_IMPLICIT_RETAIN_SELF = YES;
				CLANG_WARN_OBJC_LITERAL_CONVERSION = YES;
				CLANG_WARN_OBJC_ROOT_CLASS = YES_ERROR;
				CLANG_WARN_RANGE_LOOP_ANALYSIS = YES;
				CLANG_WARN_STRICT_PROTOTYPES = YES;
				CLANG_WARN_SUSPICIOUS_MOVE = YES;
				CLANG_WARN_UNGUARDED_AVAILABILITY = YES_AGGRESSIVE;
				CLANG_WARN_UNREACHABLE_CODE = YES;
				CLANG_WARN__DUPLICATE_METHOD_MATCH = YES;
				CODE_SIGN_IDENTITY = "iPhone Developer";
				COPY_PHASE_STRIP = NO;
				DEBUG_INFORMATION_FORMAT = dwarf;
				ENABLE_STRICT_OBJC_MSGSEND = YES;
				ENABLE_TESTABILITY = YES;
				GCC_C_LANGUAGE_STANDARD = gnu11;
				GCC_DYNAMIC_NO_PIC = NO;
				GCC_NO_COMMON_BLOCKS = YES;
				GCC_OPTIMIZATION_LEVEL = 0;
				GCC_PREPROCESSOR_DEFINITIONS = (
					"DEBUG=1",
					"$(inherited)",
				);
				GCC_WARN_64_TO_32_BIT_CONVERSION = YES;
				GCC_WARN_ABOUT_RETURN_TYPE = YES_ERROR;
				GCC_WARN_UNDECLARED_SELECTOR = YES;
				GCC_WARN_UNINITIALIZED_AUTOS = YES_AGGRESSIVE;
				GCC_WARN_UNUSED_FUNCTION = YES;
				GCC_WARN_UNUSED_VARIABLE = YES;
				IPHONEOS_DEPLOYMENT_TARGET = 12.1;
				MTL_ENABLE_DEBUG_INFO = INCLUDE_SOURCE;
				MTL_FAST_MATH = YES;
				ONLY_ACTIVE_ARCH = YES;
				SDKROOT = iphoneos;
				SWIFT_ACTIVE_COMPILATION_CONDITIONS = DEBUG;
				SWIFT_OPTIMIZATION_LEVEL = "-Onone";
			};
			name = Debug;
		};
		FD41406221DC7312008543DB /* Release */ = {
			isa = XCBuildConfiguration;
			buildSettings = {
				ALWAYS_SEARCH_USER_PATHS = NO;
				CLANG_ANALYZER_NONNULL = YES;
				CLANG_ANALYZER_NUMBER_OBJECT_CONVERSION = YES_AGGRESSIVE;
				CLANG_CXX_LANGUAGE_STANDARD = "gnu++14";
				CLANG_CXX_LIBRARY = "libc++";
				CLANG_ENABLE_MODULES = YES;
				CLANG_ENABLE_OBJC_ARC = YES;
				CLANG_ENABLE_OBJC_WEAK = YES;
				CLANG_WARN_BLOCK_CAPTURE_AUTORELEASING = YES;
				CLANG_WARN_BOOL_CONVERSION = YES;
				CLANG_WARN_COMMA = YES;
				CLANG_WARN_CONSTANT_CONVERSION = YES;
				CLANG_WARN_DEPRECATED_OBJC_IMPLEMENTATIONS = YES;
				CLANG_WARN_DIRECT_OBJC_ISA_USAGE = YES_ERROR;
				CLANG_WARN_DOCUMENTATION_COMMENTS = YES;
				CLANG_WARN_EMPTY_BODY = YES;
				CLANG_WARN_ENUM_CONVERSION = YES;
				CLANG_WARN_INFINITE_RECURSION = YES;
				CLANG_WARN_INT_CONVERSION = YES;
				CLANG_WARN_NON_LITERAL_NULL_CONVERSION = YES;
				CLANG_WARN_OBJC_IMPLICIT_RETAIN_SELF = YES;
				CLANG_WARN_OBJC_LITERAL_CONVERSION = YES;
				CLANG_WARN_OBJC_ROOT_CLASS = YES_ERROR;
				CLANG_WARN_RANGE_LOOP_ANALYSIS = YES;
				CLANG_WARN_STRICT_PROTOTYPES = YES;
				CLANG_WARN_SUSPICIOUS_MOVE = YES;
				CLANG_WARN_UNGUARDED_AVAILABILITY = YES_AGGRESSIVE;
				CLANG_WARN_UNREACHABLE_CODE = YES;
				CLANG_WARN__DUPLICATE_METHOD_MATCH = YES;
				CODE_SIGN_IDENTITY = "iPhone Developer";
				COPY_PHASE_STRIP = NO;
				DEBUG_INFORMATION_FORMAT = "dwarf-with-dsym";
				ENABLE_NS_ASSERTIONS = NO;
				ENABLE_STRICT_OBJC_MSGSEND = YES;
				GCC_C_LANGUAGE_STANDARD = gnu11;
				GCC_NO_COMMON_BLOCKS = YES;
				GCC_WARN_64_TO_32_BIT_CONVERSION = YES;
				GCC_WARN_ABOUT_RETURN_TYPE = YES_ERROR;
				GCC_WARN_UNDECLARED_SELECTOR = YES;
				GCC_WARN_UNINITIALIZED_AUTOS = YES_AGGRESSIVE;
				GCC_WARN_UNUSED_FUNCTION = YES;
				GCC_WARN_UNUSED_VARIABLE = YES;
				IPHONEOS_DEPLOYMENT_TARGET = 12.1;
				MTL_ENABLE_DEBUG_INFO = NO;
				MTL_FAST_MATH = YES;
				SDKROOT = iphoneos;
				SWIFT_COMPILATION_MODE = wholemodule;
				SWIFT_OPTIMIZATION_LEVEL = "-O";
				VALIDATE_PRODUCT = YES;
			};
			name = Release;
		};
		FD41406421DC7312008543DB /* Debug */ = {
			isa = XCBuildConfiguration;
			buildSettings = {
				ASSETCATALOG_COMPILER_APPICON_NAME = AppIcon;
				CODE_SIGN_STYLE = Automatic;
				DEVELOPMENT_TEAM = 655Q6EPK26;
				INFOPLIST_FILE = ZippyIdSDKDemo/Info.plist;
				LD_RUNPATH_SEARCH_PATHS = (
					"$(inherited)",
					"@executable_path/Frameworks",
				);
				PRODUCT_BUNDLE_IDENTIFIER = com.zippyid.ZippyIdSDKDemo;
				PRODUCT_NAME = "$(TARGET_NAME)";
				SWIFT_VERSION = 4.2;
				TARGETED_DEVICE_FAMILY = "1,2";
			};
			name = Debug;
		};
		FD41406521DC7312008543DB /* Release */ = {
			isa = XCBuildConfiguration;
			buildSettings = {
				ASSETCATALOG_COMPILER_APPICON_NAME = AppIcon;
				CODE_SIGN_STYLE = Automatic;
				DEVELOPMENT_TEAM = 655Q6EPK26;
				INFOPLIST_FILE = ZippyIdSDKDemo/Info.plist;
				LD_RUNPATH_SEARCH_PATHS = (
					"$(inherited)",
					"@executable_path/Frameworks",
				);
				PRODUCT_BUNDLE_IDENTIFIER = com.zippyid.ZippyIdSDKDemo;
				PRODUCT_NAME = "$(TARGET_NAME)";
				SWIFT_VERSION = 4.2;
				TARGETED_DEVICE_FAMILY = "1,2";
			};
			name = Release;
		};
/* End XCBuildConfiguration section */

/* Begin XCConfigurationList section */
		FD41404C21DC7310008543DB /* Build configuration list for PBXProject "ZippyIdSDKDemo" */ = {
			isa = XCConfigurationList;
			buildConfigurations = (
				FD41406121DC7312008543DB /* Debug */,
				FD41406221DC7312008543DB /* Release */,
			);
			defaultConfigurationIsVisible = 0;
			defaultConfigurationName = Release;
		};
		FD41406321DC7312008543DB /* Build configuration list for PBXNativeTarget "ZippyIdSDKDemo" */ = {
			isa = XCConfigurationList;
			buildConfigurations = (
				FD41406421DC7312008543DB /* Debug */,
				FD41406521DC7312008543DB /* Release */,
			);
			defaultConfigurationIsVisible = 0;
			defaultConfigurationName = Release;
		};
/* End XCConfigurationList section */
	};
	rootObject = FD41404921DC7310008543DB /* Project object */;
}
