PODS:
  - SwiftLint (0.33.1)
  - ZippyIdSDK (0.10)

DEPENDENCIES:
  - SwiftLint
  - ZippyIdSDK (from `..`)

SPEC REPOS:
  https://github.com/cocoapods/specs.git:
    - SwiftLint

EXTERNAL SOURCES:
  ZippyIdSDK:
    :path: ".."

SPEC CHECKSUMS:
  SwiftLint: 9fc1143bbacec37f94994a7d0d2a85b2154b6294
  ZippyIdSDK: e75d4f103f0cd4908d8205fb87b3753152c7be2f

PODFILE CHECKSUM: 3ba5a5b20adf5bfeecf46dd3e450b4c1fc05b408

COCOAPODS: 1.7.1
